
Microsoft Visual Studio Solution File, Format Version 12.00
# Visual Studio Version 17
VisualStudioVersion = 17.0.32112.339
MinimumVisualStudioVersion = 10.0.40219.1
Project("{9A19103F-16F7-4668-BE54-9A1E7A4F7556}") = "DevelopmentPracticesCodingDojoTests", "DevelopmentPracticesCodingDojoTests\DevelopmentPracticesCodingDojoTests.csproj", "{33EBDA08-7E02-410C-B902-0608BF1B643C}"
EndProject
Project("{9A19103F-16F7-4668-BE54-9A1E7A4F7556}") = "DevelopmentPracticesCodingDojo", "DevelopmentPracticesCodingDojo\DevelopmentPracticesCodingDojo.csproj", "{349B3D63-EE99-4219-9893-9F43418F4A04}"
EndProject
Global
	GlobalSection(SolutionConfigurationPlatforms) = preSolution
		Debug|Any CPU = Debug|Any CPU
		Release|Any CPU = Release|Any CPU
	EndGlobalSection
	GlobalSection(ProjectConfigurationPlatforms) = postSolution
		{33EBDA08-7E02-410C-B902-0608BF1B643C}.Debug|Any CPU.ActiveCfg = Debug|Any CPU
		{33EBDA08-7E02-410C-B902-0608BF1B643C}.Debug|Any CPU.Build.0 = Debug|Any CPU
		{33EBDA08-7E02-410C-B902-0608BF1B643C}.Release|Any CPU.ActiveCfg = Release|Any CPU
		{33EBDA08-7E02-410C-B902-0608BF1B643C}.Release|Any CPU.Build.0 = Release|Any CPU
		{349B3D63-EE99-4219-9893-9F43418F4A04}.Debug|Any CPU.ActiveCfg = Debug|Any CPU
		{349B3D63-EE99-4219-9893-9F43418F4A04}.Debug|Any CPU.Build.0 = Debug|Any CPU
		{349B3D63-EE99-4219-9893-9F43418F4A04}.Release|Any CPU.ActiveCfg = Release|Any CPU
		{349B3D63-EE99-4219-9893-9F43418F4A04}.Release|Any CPU.Build.0 = Release|Any CPU
	EndGlobalSection
	GlobalSection(SolutionProperties) = preSolution
		HideSolutionNode = FALSE
	EndGlobalSection
	GlobalSection(ExtensibilityGlobals) = postSolution
		SolutionGuid = {684E1003-4EFA-4854-A6DD-E8722F5B8A87}
	EndGlobalSection
EndGlobal
